
Microsoft Visual Studio Solution File, Format Version 12.00
# Visual Studio Version 17
VisualStudioVersion = 17.7.34031.279
MinimumVisualStudioVersion = 10.0.40219.1
Project("{FAE04EC0-301F-11D3-BF4B-00C04F79EFBC}") = "WebOlx", "WebOlx\WebOlx.csproj", "{DE2FFA62-6431-411D-8CA8-54FA877900EC}"
EndProject
Global
	GlobalSection(SolutionConfigurationPlatforms) = preSolution
		Debug|Any CPU = Debug|Any CPU
		Release|Any CPU = Release|Any CPU
	EndGlobalSection
	GlobalSection(ProjectConfigurationPlatforms) = postSolution
		{DE2FFA62-6431-411D-8CA8-54FA877900EC}.Debug|Any CPU.ActiveCfg = Debug|Any CPU
		{DE2FFA62-6431-411D-8CA8-54FA877900EC}.Debug|Any CPU.Build.0 = Debug|Any CPU
		{DE2FFA62-6431-411D-8CA8-54FA877900EC}.Release|Any CPU.ActiveCfg = Release|Any CPU
		{DE2FFA62-6431-411D-8CA8-54FA877900EC}.Release|Any CPU.Build.0 = Release|Any CPU
	EndGlobalSection
	GlobalSection(SolutionProperties) = preSolution
		HideSolutionNode = FALSE
	EndGlobalSection
	GlobalSection(ExtensibilityGlobals) = postSolution
		SolutionGuid = {861380E7-BFD2-4CE7-8D45-8BAF5B9DC030}
	EndGlobalSection
EndGlobal
